
Microsoft Visual Studio Solution File, Format Version 12.00
# Visual Studio Version 16
VisualStudioVersion = 16.0.29728.190
MinimumVisualStudioVersion = 10.0.40219.1
Project("{FAE04EC0-301F-11D3-BF4B-00C04F79EFBC}") = "DB", "DB\DB.csproj", "{B0EB50A5-756D-4963-BC96-ECB83978F8D1}"
EndProject
Global
	GlobalSection(SolutionConfigurationPlatforms) = preSolution
		Debug|Any CPU = Debug|Any CPU
		Release|Any CPU = Release|Any CPU
	EndGlobalSection
	GlobalSection(ProjectConfigurationPlatforms) = postSolution
		{B0EB50A5-756D-4963-BC96-ECB83978F8D1}.Debug|Any CPU.ActiveCfg = Debug|Any CPU
		{B0EB50A5-756D-4963-BC96-ECB83978F8D1}.Debug|Any CPU.Build.0 = Debug|Any CPU
		{B0EB50A5-756D-4963-BC96-ECB83978F8D1}.Release|Any CPU.ActiveCfg = Release|Any CPU
		{B0EB50A5-756D-4963-BC96-ECB83978F8D1}.Release|Any CPU.Build.0 = Release|Any CPU
	EndGlobalSection
	GlobalSection(SolutionProperties) = preSolution
		HideSolutionNode = FALSE
	EndGlobalSection
	GlobalSection(ExtensibilityGlobals) = postSolution
		SolutionGuid = {CC7BF8AB-FA2D-4FBF-AB90-0CB47DEEB72C}
	EndGlobalSection
EndGlobal
